
Microsoft Visual Studio Solution File, Format Version 12.00
Project("{FAE04EC0-301F-11D3-BF4B-00C04F79EFBC}") = "macenet", "src\macenet\macenet.csproj", "{1739964B-0617-4AD5-BC80-1EC62C2FD89B}"
EndProject
Project("{FAE04EC0-301F-11D3-BF4B-00C04F79EFBC}") = "macenet.tests", "src\macenet.tests\macenet.tests.csproj", "{205DDFC9-A7BB-4CB3-9A7B-8EDCD56496DF}"
EndProject
Project("{FAE04EC0-301F-11D3-BF4B-00C04F79EFBC}") = "macenet.demo", "src\macenet.demo\macenet.demo.csproj", "{D6868B08-D9B1-42B7-B7C5-6ADAEA51956F}"
EndProject
Global
	GlobalSection(SolutionConfigurationPlatforms) = preSolution
		Debug|Any CPU = Debug|Any CPU
		Release|Any CPU = Release|Any CPU
	EndGlobalSection
	GlobalSection(ProjectConfigurationPlatforms) = postSolution
		{1739964B-0617-4AD5-BC80-1EC62C2FD89B}.Debug|Any CPU.ActiveCfg = Debug|Any CPU
		{1739964B-0617-4AD5-BC80-1EC62C2FD89B}.Debug|Any CPU.Build.0 = Debug|Any CPU
		{1739964B-0617-4AD5-BC80-1EC62C2FD89B}.Release|Any CPU.ActiveCfg = Release|Any CPU
		{1739964B-0617-4AD5-BC80-1EC62C2FD89B}.Release|Any CPU.Build.0 = Release|Any CPU
		{205DDFC9-A7BB-4CB3-9A7B-8EDCD56496DF}.Debug|Any CPU.ActiveCfg = Debug|Any CPU
		{205DDFC9-A7BB-4CB3-9A7B-8EDCD56496DF}.Debug|Any CPU.Build.0 = Debug|Any CPU
		{205DDFC9-A7BB-4CB3-9A7B-8EDCD56496DF}.Release|Any CPU.ActiveCfg = Release|Any CPU
		{205DDFC9-A7BB-4CB3-9A7B-8EDCD56496DF}.Release|Any CPU.Build.0 = Release|Any CPU
		{D6868B08-D9B1-42B7-B7C5-6ADAEA51956F}.Debug|Any CPU.ActiveCfg = Debug|Any CPU
		{D6868B08-D9B1-42B7-B7C5-6ADAEA51956F}.Debug|Any CPU.Build.0 = Debug|Any CPU
		{D6868B08-D9B1-42B7-B7C5-6ADAEA51956F}.Release|Any CPU.ActiveCfg = Release|Any CPU
		{D6868B08-D9B1-42B7-B7C5-6ADAEA51956F}.Release|Any CPU.Build.0 = Release|Any CPU
	EndGlobalSection
EndGlobal
